{
  "name": "vtpassnodejs",
  "version": "1.0.4",
  "lockfileVersion": 2,
  "requires": true,
  "packages": {
    "": {
      "name": "vtpassnodejs",
      "version": "1.0.1",
      "license": "ISC",
      "dependencies": {
        "@supercharge/strings": "^1.18.0",
        "axios": "^0.21.1",
        "crypto-random-string": "^4.0.0"
      }
    },
    "node_modules/@supercharge/strings": {
      "version": "1.18.0",
      "resolved": "https://registry.npmjs.org/@supercharge/strings/-/strings-1.18.0.tgz",
      "integrity": "sha512-CIXzH7jChcwNt2yphJD8K4atsXr9sfNy5VVlHm99QYp68/n3ZdGH7QdsBxTy2K+v1KL9040NXPpVpYDctIaWng==",
      "dependencies": {
        "uuid": "~8.3.2"
      }
    },
    "node_modules/axios": {
      "version": "0.21.1",
      "resolved": "https://registry.npmjs.org/axios/-/axios-0.21.1.tgz",
      "integrity": "sha512-dKQiRHxGD9PPRIUNIWvZhPTPpl1rf/OxTYKsqKUDjBwYylTvV7SjSHJb9ratfyzM6wCdLCOYLzs73qpg5c4iGA==",
      "dependencies": {
        "follow-redirects": "^1.10.0"
      }
    },
    "node_modules/crypto-random-string": {
      "version": "4.0.0",
      "resolved": "https://registry.npmjs.org/crypto-random-string/-/crypto-random-string-4.0.0.tgz",
      "integrity": "sha512-x8dy3RnvYdlUcPOjkEHqozhiwzKNSq7GcPuXFbnyMOCHxX8V3OgIg/pYuabl2sbUPfIJaeAQB7PMOK8DFIdoRA==",
      "dependencies": {
        "type-fest": "^1.0.1"
      },
      "engines": {
        "node": ">=12"
      },
      "funding": {
        "url": "https://github.com/sponsors/sindresorhus"
      }
    },
    "node_modules/follow-redirects": {
      "version": "1.13.3",
      "resolved": "https://registry.npmjs.org/follow-redirects/-/follow-redirects-1.13.3.tgz",
      "integrity": "sha512-DUgl6+HDzB0iEptNQEXLx/KhTmDb8tZUHSeLqpnjpknR70H0nC2t9N73BK6fN4hOvJ84pKlIQVQ4k5FFlBedKA==",
      "funding": [
        {
          "type": "individual",
          "url": "https://github.com/sponsors/RubenVerborgh"
        }
      ],
      "engines": {
        "node": ">=4.0"
      },
      "peerDependenciesMeta": {
        "debug": {
          "optional": true
        }
      }
    },
    "node_modules/type-fest": {
      "version": "1.0.2",
      "resolved": "https://registry.npmjs.org/type-fest/-/type-fest-1.0.2.tgz",
      "integrity": "sha512-a720oz3Kjbp3ll0zkeN9qjRhO7I34MKMhPGQiQJAmaZQZQ1lo+NWThK322f7sXV+kTg9B1Ybt16KgBXWgteT8w==",
      "engines": {
        "node": ">=10"
      },
      "funding": {
        "url": "https://github.com/sponsors/sindresorhus"
      }
    },
    "node_modules/uuid": {
      "version": "8.3.2",
      "resolved": "https://registry.npmjs.org/uuid/-/uuid-8.3.2.tgz",
      "integrity": "sha512-+NYs2QeMWy+GWFOEm9xnn6HCDp0l7QBD7ml8zLUmJ+93Q5NF0NocErnwkTkXVFNiX3/fpC6afS8Dhb/gz7R7eg==",
      "bin": {
        "uuid": "dist/bin/uuid"
      }
    }
  },
  "dependencies": {
    "@supercharge/strings": {
      "version": "1.18.0",
      "resolved": "https://registry.npmjs.org/@supercharge/strings/-/strings-1.18.0.tgz",
      "integrity": "sha512-CIXzH7jChcwNt2yphJD8K4atsXr9sfNy5VVlHm99QYp68/n3ZdGH7QdsBxTy2K+v1KL9040NXPpVpYDctIaWng==",
      "requires": {
        "uuid": "~8.3.2"
      }
    },
    "axios": {
      "version": "0.21.1",
      "resolved": "https://registry.npmjs.org/axios/-/axios-0.21.1.tgz",
      "integrity": "sha512-dKQiRHxGD9PPRIUNIWvZhPTPpl1rf/OxTYKsqKUDjBwYylTvV7SjSHJb9ratfyzM6wCdLCOYLzs73qpg5c4iGA==",
      "requires": {
        "follow-redirects": "^1.10.0"
      }
    },
    "crypto-random-string": {
      "version": "4.0.0",
      "resolved": "https://registry.npmjs.org/crypto-random-string/-/crypto-random-string-4.0.0.tgz",
      "integrity": "sha512-x8dy3RnvYdlUcPOjkEHqozhiwzKNSq7GcPuXFbnyMOCHxX8V3OgIg/pYuabl2sbUPfIJaeAQB7PMOK8DFIdoRA==",
      "requires": {
        "type-fest": "^1.0.1"
      }
    },
    "follow-redirects": {
      "version": "1.13.3",
      "resolved": "https://registry.npmjs.org/follow-redirects/-/follow-redirects-1.13.3.tgz",
      "integrity": "sha512-DUgl6+HDzB0iEptNQEXLx/KhTmDb8tZUHSeLqpnjpknR70H0nC2t9N73BK6fN4hOvJ84pKlIQVQ4k5FFlBedKA=="
    },
    "type-fest": {
      "version": "1.0.2",
      "resolved": "https://registry.npmjs.org/type-fest/-/type-fest-1.0.2.tgz",
      "integrity": "sha512-a720oz3Kjbp3ll0zkeN9qjRhO7I34MKMhPGQiQJAmaZQZQ1lo+NWThK322f7sXV+kTg9B1Ybt16KgBXWgteT8w=="
    },
    "uuid": {
      "version": "8.3.2",
      "resolved": "https://registry.npmjs.org/uuid/-/uuid-8.3.2.tgz",
      "integrity": "sha512-+NYs2QeMWy+GWFOEm9xnn6HCDp0l7QBD7ml8zLUmJ+93Q5NF0NocErnwkTkXVFNiX3/fpC6afS8Dhb/gz7R7eg=="
    }
  }
}
